
Microsoft Visual Studio Solution File, Format Version 12.00
# Visual Studio Version 17
VisualStudioVersion = 17.9.34723.18
MinimumVisualStudioVersion = 10.0.40219.1
Project("{FAE04EC0-301F-11D3-BF4B-00C04F79EFBC}") = "kursach666", "kursach666\kursach666.csproj", "{D13CA47D-2CD3-403A-8348-D5FFDEC26914}"
EndProject
Global
	GlobalSection(SolutionConfigurationPlatforms) = preSolution
		Debug|Any CPU = Debug|Any CPU
		Release|Any CPU = Release|Any CPU
	EndGlobalSection
	GlobalSection(ProjectConfigurationPlatforms) = postSolution
		{D13CA47D-2CD3-403A-8348-D5FFDEC26914}.Debug|Any CPU.ActiveCfg = Debug|Any CPU
		{D13CA47D-2CD3-403A-8348-D5FFDEC26914}.Debug|Any CPU.Build.0 = Debug|Any CPU
		{D13CA47D-2CD3-403A-8348-D5FFDEC26914}.Release|Any CPU.ActiveCfg = Release|Any CPU
		{D13CA47D-2CD3-403A-8348-D5FFDEC26914}.Release|Any CPU.Build.0 = Release|Any CPU
	EndGlobalSection
	GlobalSection(SolutionProperties) = preSolution
		HideSolutionNode = FALSE
	EndGlobalSection
	GlobalSection(ExtensibilityGlobals) = postSolution
		SolutionGuid = {645F731B-BD0E-40F1-9BA3-6CD608A9591E}
	EndGlobalSection
EndGlobal
